Microsoft Visual Studio Solution File, Format Version 12.00
# Visual Studio 2012
Project("{0C18419B-BC48-671B-CF1E-08826F87464E}") = "unity-playground", "Assembly-CSharp.csproj", "{5E769C1B-FA18-DC0A-84A5-FC603B01B8B4}"
EndProject
Project("{0C18419B-BC48-671B-CF1E-08826F87464E}") = "unity-playground", "Assembly-CSharp-Editor-firstpass.csproj", "{C24E2416-7772-B7CF-3F77-687DFFC213EC}"
EndProject
Global
	GlobalSection(SolutionConfigurationPlatforms) = preSolution
		Debug|Any CPU = Debug|Any CPU
		Release|Any CPU = Release|Any CPU
	EndGlobalSection
	GlobalSection(ProjectConfigurationPlatforms) = postSolution
		{5E769C1B-FA18-DC0A-84A5-FC603B01B8B4}.Debug|Any CPU.ActiveCfg = Debug|Any CPU
		{5E769C1B-FA18-DC0A-84A5-FC603B01B8B4}.Debug|Any CPU.Build.0 = Debug|Any CPU
		{5E769C1B-FA18-DC0A-84A5-FC603B01B8B4}.Release|Any CPU.ActiveCfg = Release|Any CPU
		{5E769C1B-FA18-DC0A-84A5-FC603B01B8B4}.Release|Any CPU.Build.0 = Release|Any CPU
		{C24E2416-7772-B7CF-3F77-687DFFC213EC}.Debug|Any CPU.ActiveCfg = Debug|Any CPU
		{C24E2416-7772-B7CF-3F77-687DFFC213EC}.Debug|Any CPU.Build.0 = Debug|Any CPU
		{C24E2416-7772-B7CF-3F77-687DFFC213EC}.Release|Any CPU.ActiveCfg = Release|Any CPU
		{C24E2416-7772-B7CF-3F77-687DFFC213EC}.Release|Any CPU.Build.0 = Release|Any CPU
	EndGlobalSection
	GlobalSection(MonoDevelopProperties) = preSolution
		StartupItem = Assembly-CSharp.csproj
	EndGlobalSection
EndGlobal
